{
  "name": "listatypescript3",
  "version": "1.0.0",
  "lockfileVersion": 3,
  "requires": true,
  "packages": {
    "": {
      "name": "listatypescript3",
      "version": "1.0.0",
      "license": "ISC",
      "dependencies": {
        "typecript": "^0.0.1-security"
      },
      "devDependencies": {
        "typescript": "^6.0.2"
      }
    },
    "node_modules/typecript": {
      "version": "0.0.1-security",
      "resolved": "https://registry.npmjs.org/typecript/-/typecript-0.0.1-security.tgz",
      "integrity": "sha512-88WUWdO0zl/cC+X44m7TJkNssn0sTwZOSAyZu7ZmY6BfGJ4idVWJGjFmd6wEjS3yhWUYrAszzNMHZMIJ7h3ycg=="
    },
    "node_modules/typescript": {
      "version": "6.0.2",
      "resolved": "https://registry.npmjs.org/typescript/-/typescript-6.0.2.tgz",
      "integrity": "sha512-bGdAIrZ0wiGDo5l8c++HWtbaNCWTS4UTv7RaTH/ThVIgjkveJt83m74bBHMJkuCbslY8ixgLBVZJIOiQlQTjfQ==",
      "dev": true,
      "license": "Apache-2.0",
      "bin": {
        "tsc": "bin/tsc",
        "tsserver": "bin/tsserver"
      },
      "engines": {
        "node": ">=14.17"
      }
    }
  }
}
